
Microsoft Visual Studio Solution File, Format Version 12.00
# Visual Studio Version 17
VisualStudioVersion = 17.4.33122.133
MinimumVisualStudioVersion = 10.0.40219.1
Project("{FAE04EC0-301F-11D3-BF4B-00C04F79EFBC}") = "AngularAPI2", "AngularAPI2.csproj", "{4DBC8F44-00C2-4A80-895A-8517D5F2146D}"
EndProject
Global
	GlobalSection(SolutionConfigurationPlatforms) = preSolution
		Debug|Any CPU = Debug|Any CPU
		Release|Any CPU = Release|Any CPU
	EndGlobalSection
	GlobalSection(ProjectConfigurationPlatforms) = postSolution
		{4DBC8F44-00C2-4A80-895A-8517D5F2146D}.Debug|Any CPU.ActiveCfg = Debug|Any CPU
		{4DBC8F44-00C2-4A80-895A-8517D5F2146D}.Debug|Any CPU.Build.0 = Debug|Any CPU
		{4DBC8F44-00C2-4A80-895A-8517D5F2146D}.Release|Any CPU.ActiveCfg = Release|Any CPU
		{4DBC8F44-00C2-4A80-895A-8517D5F2146D}.Release|Any CPU.Build.0 = Release|Any CPU
	EndGlobalSection
	GlobalSection(SolutionProperties) = preSolution
		HideSolutionNode = FALSE
	EndGlobalSection
	GlobalSection(ExtensibilityGlobals) = postSolution
		SolutionGuid = {25DE215D-AC00-4BD0-AF1A-B96D45ADDE82}
	EndGlobalSection
EndGlobal
